
Microsoft Visual Studio Solution File, Format Version 12.00
# Visual Studio 14
VisualStudioVersion = 14.0.25123.0
MinimumVisualStudioVersion = 10.0.40219.1
Project("{FAE04EC0-301F-11D3-BF4B-00C04F79EFBC}") = "NocashLauncher", "NocashLauncher\NocashLauncher.csproj", "{4A848297-0EF5-49D7-870F-3DFDC1C0EE4F}"
EndProject
Project("{2150E333-8FDC-42A3-9474-1A3956D46DE8}") = "Solution Items", "Solution Items", "{F62D4F64-A69E-490C-9B91-EE066358C30C}"
	ProjectSection(SolutionItems) = preProject
		License.txt = License.txt
		Readme.md = Readme.md
	EndProjectSection
EndProject
Global
	GlobalSection(SolutionConfigurationPlatforms) = preSolution
		Debug|Any CPU = Debug|Any CPU
		Release|Any CPU = Release|Any CPU
	EndGlobalSection
	GlobalSection(ProjectConfigurationPlatforms) = postSolution
		{4A848297-0EF5-49D7-870F-3DFDC1C0EE4F}.Debug|Any CPU.ActiveCfg = Debug|Any CPU
		{4A848297-0EF5-49D7-870F-3DFDC1C0EE4F}.Debug|Any CPU.Build.0 = Debug|Any CPU
		{4A848297-0EF5-49D7-870F-3DFDC1C0EE4F}.Release|Any CPU.ActiveCfg = Release|Any CPU
		{4A848297-0EF5-49D7-870F-3DFDC1C0EE4F}.Release|Any CPU.Build.0 = Release|Any CPU
	EndGlobalSection
	GlobalSection(SolutionProperties) = preSolution
		HideSolutionNode = FALSE
	EndGlobalSection
EndGlobal
